<?xml version="1.0" encoding="utf-8"?>
<Project ToolsVersion="4.0" xmlns="http://schemas.microsoft.com/developer/msbuild/2003">
  <ItemGroup>
    <Filter Include="Source Files">
      <UniqueIdentifier>{4FC737F1-C7A5-4376-A066-2A32D752A2FF}</UniqueIdentifier>
      <Extensions>cpp;c;cc;cxx;def;odl;idl;hpj;bat;asm;asmx</Extensions>
    </Filter>
    <Filter Include="Header Files">
      <UniqueIdentifier>{93995380-89BD-4b04-88EB-625FBE52EBFB}</UniqueIdentifier>
      <Extensions>h;hh;hpp;hxx;hm;inl;inc;xsd</Extensions>
    </Filter>
    <Filter Include="Resource Files">
      <UniqueIdentifier>{67DA6AB6-F800-4c08-8B7A-83BB121AAD01}</UniqueIdentifier>
      <Extensions>rc;ico;cur;bmp;dlg;rc2;rct;bin;rgs;gif;jpg;jpeg;jpe;resx;tiff;tif;png;wav;mfcribbon-ms</Extensions>
    </Filter>
    <Filter Include="Header Files\StateControl">
      <UniqueIdentifier>{a3d36cef-86d4-45e9-8335-d0744d4483a5}</UniqueIdentifier>
    </Filter>
    <Filter Include="Header Files\Player">
      <UniqueIdentifier>{0a9e6487-801e-45b9-98e8-289af7720ee6}</UniqueIdentifier>
    </Filter>
    <Filter Include="Source Files\StateControl">
      <UniqueIdentifier>{faf79943-acd1-4cd3-88a6-51efba14cb7b}</UniqueIdentifier>
    </Filter>
    <Filter Include="Source Files\Player">
      <UniqueIdentifier>{8710d451-6bc8-43f4-8264-f4e4071b11c1}</UniqueIdentifier>
    </Filter>
    <Filter Include="Header Files\Utils">
      <UniqueIdentifier>{47eb85b7-f27e-424a-bb0c-3f8bf3960244}</UniqueIdentifier>
    </Filter>
    <Filter Include="Source Files\Utils">
      <UniqueIdentifier>{557c8d9e-b09f-4318-b110-e50e60cb2f3b}</UniqueIdentifier>
    </Filter>
    <Filter Include="Header Files\Commands">
      <UniqueIdentifier>{31b61c3f-0c67-4efa-9ffc-8bb0d246b1d1}</UniqueIdentifier>
    </Filter>
    <Filter Include="Source Files\Commands">
      <UniqueIdentifier>{948e5062-abf5-4178-a3f2-625369a4891f}</UniqueIdentifier>
    </Filter>
    <Filter Include="Header Files\IO">
      <UniqueIdentifier>{cd3f275f-f66a-4503-bc50-be0be2edf5c0}</UniqueIdentifier>
    </Filter>
    <Filter Include="Source Files\IO">
      <UniqueIdentifier>{066c0711-8d9f-415c-a4d2-4849adbac10d}</UniqueIdentifier>
    </Filter>
  </ItemGroup>
  <ItemGroup>
    <ClCompile Include="Main.cpp">
      <Filter>Source Files</Filter>
    </ClCompile>
    <ClCompile Include="Credits.cpp">
      <Filter>Source Files\StateControl</Filter>
    </ClCompile>
    <ClCompile Include="GameEnvironment.cpp">
      <Filter>Source Files\StateControl</Filter>
    </ClCompile>
    <ClCompile Include="GameMenu.cpp">
      <Filter>Source Files\StateControl</Filter>
    </ClCompile>
    <ClCompile Include="Gameplay.cpp">
      <Filter>Source Files\StateControl</Filter>
    </ClCompile>
    <ClCompile Include="GameSplash.cpp">
      <Filter>Source Files\StateControl</Filter>
    </ClCompile>
    <ClCompile Include="GameState.cpp">
      <Filter>Source Files\StateControl</Filter>
    </ClCompile>
    <ClCompile Include="HallOfFame.cpp">
      <Filter>Source Files\StateControl</Filter>
    </ClCompile>
    <ClCompile Include="MainMenu.cpp">
      <Filter>Source Files\StateControl</Filter>
    </ClCompile>
    <ClCompile Include="StateController.cpp">
      <Filter>Source Files\StateControl</Filter>
    </ClCompile>
    <ClCompile Include="WorldSelector.cpp">
      <Filter>Source Files\StateControl</Filter>
    </ClCompile>
    <ClCompile Include="CommandLister.cpp">
      <Filter>Source Files\StateControl</Filter>
    </ClCompile>
    <ClCompile Include="Item.cpp">
      <Filter>Source Files\Player</Filter>
    </ClCompile>
    <ClCompile Include="IHasInventory.cpp">
      <Filter>Source Files\Player</Filter>
    </ClCompile>
    <ClCompile Include="Player.cpp">
      <Filter>Source Files\Player</Filter>
    </ClCompile>
    <ClCompile Include="IInventory.cpp">
      <Filter>Source Files\Player</Filter>
    </ClCompile>
    <ClCompile Include="BasicInventory.cpp">
      <Filter>Source Files\Player</Filter>
    </ClCompile>
    <ClCompile Include="StringUtils.cpp">
      <Filter>Source Files\Utils</Filter>
    </ClCompile>
    <ClCompile Include="NumericUtils.cpp">
      <Filter>Source Files\Utils</Filter>
    </ClCompile>
    <ClCompile Include="InventoryView.cpp">
      <Filter>Source Files\StateControl</Filter>
    </ClCompile>
    <ClCompile Include="CommandResult.cpp">
      <Filter>Source Files\Commands</Filter>
    </ClCompile>
    <ClCompile Include="Command.cpp">
      <Filter>Source Files\Commands</Filter>
    </ClCompile>
    <ClCompile Include="BasicCommand.cpp">
      <Filter>Source Files\Commands</Filter>
    </ClCompile>
    <ClCompile Include="WorldReader.cpp">
      <Filter>Source Files\IO</Filter>
    </ClCompile>
    <ClCompile Include="BinaryReader.cpp">
      <Filter>Source Files\IO</Filter>
    </ClCompile>
    <ClCompile Include="BinaryWriter.cpp">
      <Filter>Source Files\IO</Filter>
    </ClCompile>
    <ClCompile Include="WorldCreator.cpp">
      <Filter>Source Files\IO</Filter>
    </ClCompile>
    <ClCompile Include="Connection.cpp">
      <Filter>Source Files\IO</Filter>
    </ClCompile>
    <ClCompile Include="Room.cpp">
      <Filter>Source Files\IO</Filter>
    </ClCompile>
    <ClCompile Include="World.cpp">
      <Filter>Source Files\IO</Filter>
    </ClCompile>
    <ClCompile Include="RoomIterator.cpp">
      <Filter>Source Files\IO</Filter>
    </ClCompile>
  </ItemGroup>
  <ItemGroup>
    <ClInclude Include="CommandLister.h">
      <Filter>Header Files\StateControl</Filter>
    </ClInclude>
    <ClInclude Include="Credits.h">
      <Filter>Header Files\StateControl</Filter>
    </ClInclude>
    <ClInclude Include="GameEnvironment.h">
      <Filter>Header Files\StateControl</Filter>
    </ClInclude>
    <ClInclude Include="GameMenu.h">
      <Filter>Header Files\StateControl</Filter>
    </ClInclude>
    <ClInclude Include="Gameplay.h">
      <Filter>Header Files\StateControl</Filter>
    </ClInclude>
    <ClInclude Include="GameSplash.h">
      <Filter>Header Files\StateControl</Filter>
    </ClInclude>
    <ClInclude Include="GameState.h">
      <Filter>Header Files\StateControl</Filter>
    </ClInclude>
    <ClInclude Include="HallOfFame.h">
      <Filter>Header Files\StateControl</Filter>
    </ClInclude>
    <ClInclude Include="MainMenu.h">
      <Filter>Header Files\StateControl</Filter>
    </ClInclude>
    <ClInclude Include="StateController.h">
      <Filter>Header Files\StateControl</Filter>
    </ClInclude>
    <ClInclude Include="WorldSelector.h">
      <Filter>Header Files\StateControl</Filter>
    </ClInclude>
    <ClInclude Include="Player.h">
      <Filter>Header Files\Player</Filter>
    </ClInclude>
    <ClInclude Include="Item.h">
      <Filter>Header Files\Player</Filter>
    </ClInclude>
    <ClInclude Include="IHasInventory.h">
      <Filter>Header Files\Player</Filter>
    </ClInclude>
    <ClInclude Include="IInventory.h">
      <Filter>Header Files\Player</Filter>
    </ClInclude>
    <ClInclude Include="BasicInventory.h">
      <Filter>Header Files\Player</Filter>
    </ClInclude>
    <ClInclude Include="StringUtils.h">
      <Filter>Header Files\Utils</Filter>
    </ClInclude>
    <ClInclude Include="NumericUtils.h">
      <Filter>Header Files\Utils</Filter>
    </ClInclude>
    <ClInclude Include="InventoryView.h">
      <Filter>Header Files\StateControl</Filter>
    </ClInclude>
    <ClInclude Include="Command.h">
      <Filter>Header Files\Commands</Filter>
    </ClInclude>
    <ClInclude Include="CommandResult.h">
      <Filter>Header Files\Commands</Filter>
    </ClInclude>
    <ClInclude Include="BasicCommand.h">
      <Filter>Header Files\Commands</Filter>
    </ClInclude>
    <ClInclude Include="SuccessState.h">
      <Filter>Header Files\Commands</Filter>
    </ClInclude>
    <ClInclude Include="WorldReader.h">
      <Filter>Header Files\IO</Filter>
    </ClInclude>
    <ClInclude Include="World.h">
      <Filter>Header Files\IO</Filter>
    </ClInclude>
    <ClInclude Include="BinaryReader.h">
      <Filter>Header Files\IO</Filter>
    </ClInclude>
    <ClInclude Include="BinaryWriter.h">
      <Filter>Header Files\IO</Filter>
    </ClInclude>
    <ClInclude Include="WorldCreator.h">
      <Filter>Header Files\IO</Filter>
    </ClInclude>
    <ClInclude Include="Room.h">
      <Filter>Header Files\IO</Filter>
    </ClInclude>
    <ClInclude Include="Connection.h">
      <Filter>Header Files\IO</Filter>
    </ClInclude>
    <ClInclude Include="RoomIterator.h">
      <Filter>Header Files\IO</Filter>
    </ClInclude>
  </ItemGroup>
  <ItemGroup>
    <None Include="default.world">
      <Filter>Resource Files</Filter>
    </None>
  </ItemGroup>
</Project>