<?xml version="1.0" encoding="utf-8"?>
<Project ToolsVersion="4.0" xmlns="http://schemas.microsoft.com/developer/msbuild/2003">
  <ItemGroup>
    <ClInclude Include="Object.h">
      <Filter>Header Files</Filter>
    </ClInclude>
    <ClInclude Include="BasicCommand.h">
      <Filter>Header Files\Commands</Filter>
    </ClInclude>
    <ClInclude Include="Command.h">
      <Filter>Header Files\Commands</Filter>
    </ClInclude>
    <ClInclude Include="SuccessState.h">
      <Filter>Header Files\Commands</Filter>
    </ClInclude>
    <ClInclude Include="BinaryReader.h">
      <Filter>Header Files\IO</Filter>
    </ClInclude>
    <ClInclude Include="BinaryWriter.h">
      <Filter>Header Files\IO</Filter>
    </ClInclude>
    <ClInclude Include="Connection.h">
      <Filter>Header Files\IO</Filter>
    </ClInclude>
    <ClInclude Include="Room.h">
      <Filter>Header Files\IO</Filter>
    </ClInclude>
    <ClInclude Include="RoomIterator.h">
      <Filter>Header Files\IO</Filter>
    </ClInclude>
    <ClInclude Include="World.h">
      <Filter>Header Files\IO</Filter>
    </ClInclude>
    <ClInclude Include="WorldCreator.h">
      <Filter>Header Files\IO</Filter>
    </ClInclude>
    <ClInclude Include="WorldReader.h">
      <Filter>Header Files\IO</Filter>
    </ClInclude>
    <ClInclude Include="EmptyEventArgs.h">
      <Filter>Header Files\Messaging</Filter>
    </ClInclude>
    <ClInclude Include="Event.h">
      <Filter>Header Files\Messaging</Filter>
    </ClInclude>
    <ClInclude Include="Message.h">
      <Filter>Header Files\Messaging</Filter>
    </ClInclude>
    <ClInclude Include="MessageDispatcher.h">
      <Filter>Header Files\Messaging</Filter>
    </ClInclude>
    <ClInclude Include="WorldSwitchMessage.h">
      <Filter>Header Files\Messaging</Filter>
    </ClInclude>
    <ClInclude Include="Player.h">
      <Filter>Header Files\Player</Filter>
    </ClInclude>
    <ClInclude Include="CommandLister.h">
      <Filter>Header Files\StateControl</Filter>
    </ClInclude>
    <ClInclude Include="Credits.h">
      <Filter>Header Files\StateControl</Filter>
    </ClInclude>
    <ClInclude Include="GameEnvironment.h">
      <Filter>Header Files\StateControl</Filter>
    </ClInclude>
    <ClInclude Include="GameMenu.h">
      <Filter>Header Files\StateControl</Filter>
    </ClInclude>
    <ClInclude Include="Gameplay.h">
      <Filter>Header Files\StateControl</Filter>
    </ClInclude>
    <ClInclude Include="GameSplash.h">
      <Filter>Header Files\StateControl</Filter>
    </ClInclude>
    <ClInclude Include="GameState.h">
      <Filter>Header Files\StateControl</Filter>
    </ClInclude>
    <ClInclude Include="HallOfFame.h">
      <Filter>Header Files\StateControl</Filter>
    </ClInclude>
    <ClInclude Include="InventoryView.h">
      <Filter>Header Files\StateControl</Filter>
    </ClInclude>
    <ClInclude Include="MainMenu.h">
      <Filter>Header Files\StateControl</Filter>
    </ClInclude>
    <ClInclude Include="StateController.h">
      <Filter>Header Files\StateControl</Filter>
    </ClInclude>
    <ClInclude Include="WorldSelector.h">
      <Filter>Header Files\StateControl</Filter>
    </ClInclude>
    <ClInclude Include="StringUtils.h">
      <Filter>Header Files\Utils</Filter>
    </ClInclude>
    <ClInclude Include="NumericUtils.h">
      <Filter>Header Files\Utils</Filter>
    </ClInclude>
    <ClInclude Include="CommandResult.h">
      <Filter>Header Files\Commands</Filter>
    </ClInclude>
    <ClInclude Include="CommandReader.h">
      <Filter>Header Files\IO</Filter>
    </ClInclude>
    <ClInclude Include="LineResult.h">
      <Filter>Header Files\IO</Filter>
    </ClInclude>
    <ClInclude Include="InsertionOrderedMap.h">
      <Filter>Header Files\Utils</Filter>
    </ClInclude>
    <ClInclude Include="UpdateCurrentRoomMessage.h">
      <Filter>Header Files\Messaging</Filter>
    </ClInclude>
    <ClInclude Include="Inventory.h">
      <Filter>Header Files\Player</Filter>
    </ClInclude>
    <ClInclude Include="UpdatePlayerMessage.h">
      <Filter>Header Files\Messaging</Filter>
    </ClInclude>
    <ClInclude Include="Component.h">
      <Filter>Header Files\Components</Filter>
    </ClInclude>
    <ClInclude Include="Composite.h">
      <Filter>Header Files\Components</Filter>
    </ClInclude>
  </ItemGroup>
  <ItemGroup>
    <None Include="default.world">
      <Filter>Resource Files</Filter>
    </None>
  </ItemGroup>
  <ItemGroup>
    <Filter Include="Header Files">
      <UniqueIdentifier>{5b43de18-3ed9-4a81-8c4f-e39710f7a1f5}</UniqueIdentifier>
    </Filter>
    <Filter Include="Resource Files">
      <UniqueIdentifier>{a4863e01-f7db-42cd-b7c9-3138be89b188}</UniqueIdentifier>
    </Filter>
    <Filter Include="Header Files\Commands">
      <UniqueIdentifier>{cd30a8e7-2b98-42ce-bac5-8ab95e2f501c}</UniqueIdentifier>
    </Filter>
    <Filter Include="Header Files\IO">
      <UniqueIdentifier>{b999ae51-96bc-494a-94e8-3ffa103c2b37}</UniqueIdentifier>
    </Filter>
    <Filter Include="Header Files\Messaging">
      <UniqueIdentifier>{5bbb5cee-f32a-44e0-9190-2ba77177cded}</UniqueIdentifier>
    </Filter>
    <Filter Include="Header Files\Player">
      <UniqueIdentifier>{95988d62-ad5c-48ff-a1fc-8c7f0f9fb9e0}</UniqueIdentifier>
    </Filter>
    <Filter Include="Header Files\StateControl">
      <UniqueIdentifier>{d27ed409-7e7f-4ef2-a8fd-072e5037c54a}</UniqueIdentifier>
    </Filter>
    <Filter Include="Header Files\Utils">
      <UniqueIdentifier>{cf52687e-d00b-44ba-8d57-c31de145b690}</UniqueIdentifier>
    </Filter>
    <Filter Include="Header Files\Components">
      <UniqueIdentifier>{2cfd8d26-d828-4f58-a0dd-9d5da36f988d}</UniqueIdentifier>
    </Filter>
    <Filter Include="Source Files">
      <UniqueIdentifier>{f1ab4bc0-e6f0-462f-8d82-e2b9364ae701}</UniqueIdentifier>
    </Filter>
    <Filter Include="Source Files\Commands">
      <UniqueIdentifier>{518a2c08-d2d4-4181-a81f-e78edec4254b}</UniqueIdentifier>
    </Filter>
    <Filter Include="Source Files\IO">
      <UniqueIdentifier>{169fc13b-90f0-4bbd-8266-278d5e71a940}</UniqueIdentifier>
    </Filter>
    <Filter Include="Source Files\Messaging">
      <UniqueIdentifier>{679c0879-deec-408a-ac29-849826911ed2}</UniqueIdentifier>
    </Filter>
    <Filter Include="Source Files\Player">
      <UniqueIdentifier>{916bde32-835d-44bb-b684-01976f0f8a6d}</UniqueIdentifier>
    </Filter>
    <Filter Include="Source Files\StateControl">
      <UniqueIdentifier>{1ff15f1a-b688-400c-9fe5-813e6d2e3572}</UniqueIdentifier>
    </Filter>
    <Filter Include="Source Files\Utils">
      <UniqueIdentifier>{29a08ad1-f4e0-4f42-a8e1-4f974d7b594a}</UniqueIdentifier>
    </Filter>
    <Filter Include="Source Files\Components">
      <UniqueIdentifier>{2edd31f4-7350-45f9-9e6c-f4c43d26cefb}</UniqueIdentifier>
    </Filter>
  </ItemGroup>
  <ItemGroup>
    <Text Include="gameplayAliases.txt">
      <Filter>Resource Files</Filter>
    </Text>
    <Text Include="inventoryAliases.txt">
      <Filter>Resource Files</Filter>
    </Text>
  </ItemGroup>
  <ItemGroup>
    <ClCompile Include="Object.cpp">
      <Filter>Source Files</Filter>
    </ClCompile>
    <ClCompile Include="Main.cpp">
      <Filter>Source Files</Filter>
    </ClCompile>
    <ClCompile Include="BasicCommand.cpp">
      <Filter>Source Files\Commands</Filter>
    </ClCompile>
    <ClCompile Include="Command.cpp">
      <Filter>Source Files\Commands</Filter>
    </ClCompile>
    <ClCompile Include="CommandResult.cpp">
      <Filter>Source Files\Commands</Filter>
    </ClCompile>
    <ClCompile Include="BinaryReader.cpp">
      <Filter>Source Files\IO</Filter>
    </ClCompile>
    <ClCompile Include="BinaryWriter.cpp">
      <Filter>Source Files\IO</Filter>
    </ClCompile>
    <ClCompile Include="CommandReader.cpp">
      <Filter>Source Files\IO</Filter>
    </ClCompile>
    <ClCompile Include="Connection.cpp">
      <Filter>Source Files\IO</Filter>
    </ClCompile>
    <ClCompile Include="LineResult.cpp">
      <Filter>Source Files\IO</Filter>
    </ClCompile>
    <ClCompile Include="Room.cpp">
      <Filter>Source Files\IO</Filter>
    </ClCompile>
    <ClCompile Include="RoomIterator.cpp">
      <Filter>Source Files\IO</Filter>
    </ClCompile>
    <ClCompile Include="World.cpp">
      <Filter>Source Files\IO</Filter>
    </ClCompile>
    <ClCompile Include="WorldCreator.cpp">
      <Filter>Source Files\IO</Filter>
    </ClCompile>
    <ClCompile Include="WorldReader.cpp">
      <Filter>Source Files\IO</Filter>
    </ClCompile>
    <ClCompile Include="UpdateCurrentRoomMessage.cpp">
      <Filter>Source Files\Messaging</Filter>
    </ClCompile>
    <ClCompile Include="EmptyEventArgs.cpp">
      <Filter>Source Files\Messaging</Filter>
    </ClCompile>
    <ClCompile Include="Message.cpp">
      <Filter>Source Files\Messaging</Filter>
    </ClCompile>
    <ClCompile Include="MessageDispatcher.cpp">
      <Filter>Source Files\Messaging</Filter>
    </ClCompile>
    <ClCompile Include="UpdatePlayerMessage.cpp">
      <Filter>Source Files\Messaging</Filter>
    </ClCompile>
    <ClCompile Include="WorldSwitchMessage.cpp">
      <Filter>Source Files\Messaging</Filter>
    </ClCompile>
    <ClCompile Include="IHasInventory.cpp">
      <Filter>Source Files\Player</Filter>
    </ClCompile>
    <ClCompile Include="IInventory.cpp">
      <Filter>Source Files\Player</Filter>
    </ClCompile>
    <ClCompile Include="BasicInventory.cpp">
      <Filter>Source Files\Player</Filter>
    </ClCompile>
    <ClCompile Include="Item.cpp">
      <Filter>Source Files\Player</Filter>
    </ClCompile>
    <ClCompile Include="Player.cpp">
      <Filter>Source Files\Player</Filter>
    </ClCompile>
    <ClCompile Include="CommandLister.cpp">
      <Filter>Source Files\StateControl</Filter>
    </ClCompile>
    <ClCompile Include="Credits.cpp">
      <Filter>Source Files\StateControl</Filter>
    </ClCompile>
    <ClCompile Include="GameEnvironment.cpp">
      <Filter>Source Files\StateControl</Filter>
    </ClCompile>
    <ClCompile Include="GameMenu.cpp">
      <Filter>Source Files\StateControl</Filter>
    </ClCompile>
    <ClCompile Include="Gameplay.cpp">
      <Filter>Source Files\StateControl</Filter>
    </ClCompile>
    <ClCompile Include="GameSplash.cpp">
      <Filter>Source Files\StateControl</Filter>
    </ClCompile>
    <ClCompile Include="GameState.cpp">
      <Filter>Source Files\StateControl</Filter>
    </ClCompile>
    <ClCompile Include="HallOfFame.cpp">
      <Filter>Source Files\StateControl</Filter>
    </ClCompile>
    <ClCompile Include="InventoryView.cpp">
      <Filter>Source Files\StateControl</Filter>
    </ClCompile>
    <ClCompile Include="MainMenu.cpp">
      <Filter>Source Files\StateControl</Filter>
    </ClCompile>
    <ClCompile Include="StateController.cpp">
      <Filter>Source Files\StateControl</Filter>
    </ClCompile>
    <ClCompile Include="WorldSelector.cpp">
      <Filter>Source Files\StateControl</Filter>
    </ClCompile>
    <ClCompile Include="StringUtils.cpp">
      <Filter>Source Files\Utils</Filter>
    </ClCompile>
    <ClCompile Include="NumericUtils.cpp">
      <Filter>Source Files\Utils</Filter>
    </ClCompile>
    <ClCompile Include="Component.cpp">
      <Filter>Source Files\Components</Filter>
    </ClCompile>
    <ClCompile Include="Composite.cpp">
      <Filter>Source Files\Components</Filter>
    </ClCompile>
  </ItemGroup>
</Project>