<?xml version="1.0" encoding="utf-8"?>
<Project ToolsVersion="4.0" xmlns="http://schemas.microsoft.com/developer/msbuild/2003">
  <ItemGroup>
    <ClCompile Include="Main.cpp">
      <Filter>Source Files</Filter>
    </ClCompile>
    <ClCompile Include="Object.cpp">
      <Filter>Source Files</Filter>
    </ClCompile>
    <ClCompile Include="BasicCommand.cpp">
      <Filter>Source Files\Commands</Filter>
    </ClCompile>
    <ClCompile Include="Command.cpp">
      <Filter>Source Files\Commands</Filter>
    </ClCompile>
    <ClCompile Include="CommandReader.cpp">
      <Filter>Source Files\IO</Filter>
    </ClCompile>
    <ClCompile Include="CommandResult.cpp">
      <Filter>Source Files\Commands</Filter>
    </ClCompile>
    <ClCompile Include="BinaryReader.cpp">
      <Filter>Source Files\IO</Filter>
    </ClCompile>
    <ClCompile Include="BinaryWriter.cpp">
      <Filter>Source Files\IO</Filter>
    </ClCompile>
    <ClCompile Include="Connection.cpp">
      <Filter>Source Files\IO</Filter>
    </ClCompile>
    <ClCompile Include="Room.cpp">
      <Filter>Source Files\IO</Filter>
    </ClCompile>
    <ClCompile Include="RoomIterator.cpp">
      <Filter>Source Files\IO</Filter>
    </ClCompile>
    <ClCompile Include="World.cpp">
      <Filter>Source Files\IO</Filter>
    </ClCompile>
    <ClCompile Include="WorldCreator.cpp">
      <Filter>Source Files\IO</Filter>
    </ClCompile>
    <ClCompile Include="WorldReader.cpp">
      <Filter>Source Files\IO</Filter>
    </ClCompile>
    <ClCompile Include="EmptyEventArgs.cpp">
      <Filter>Source Files\Messaging</Filter>
    </ClCompile>
    <ClCompile Include="Message.cpp">
      <Filter>Source Files\Messaging</Filter>
    </ClCompile>
    <ClCompile Include="MessageDispatcher.cpp">
      <Filter>Source Files\Messaging</Filter>
    </ClCompile>
    <ClCompile Include="WorldSwitchMessage.cpp">
      <Filter>Source Files\Messaging</Filter>
    </ClCompile>
    <ClCompile Include="BasicInventory.cpp">
      <Filter>Source Files\Player</Filter>
    </ClCompile>
    <ClCompile Include="IHasInventory.cpp">
      <Filter>Source Files\Player</Filter>
    </ClCompile>
    <ClCompile Include="IInventory.cpp">
      <Filter>Source Files\Player</Filter>
    </ClCompile>
    <ClCompile Include="Item.cpp">
      <Filter>Source Files\Player</Filter>
    </ClCompile>
    <ClCompile Include="Player.cpp">
      <Filter>Source Files\Player</Filter>
    </ClCompile>
    <ClCompile Include="CommandLister.cpp">
      <Filter>Source Files\StateControl</Filter>
    </ClCompile>
    <ClCompile Include="Credits.cpp">
      <Filter>Source Files\StateControl</Filter>
    </ClCompile>
    <ClCompile Include="GameEnvironment.cpp">
      <Filter>Source Files\StateControl</Filter>
    </ClCompile>
    <ClCompile Include="GameMenu.cpp">
      <Filter>Source Files\StateControl</Filter>
    </ClCompile>
    <ClCompile Include="Gameplay.cpp">
      <Filter>Source Files\StateControl</Filter>
    </ClCompile>
    <ClCompile Include="GameSplash.cpp">
      <Filter>Source Files\StateControl</Filter>
    </ClCompile>
    <ClCompile Include="GameState.cpp">
      <Filter>Source Files\StateControl</Filter>
    </ClCompile>
    <ClCompile Include="HallOfFame.cpp">
      <Filter>Source Files\StateControl</Filter>
    </ClCompile>
    <ClCompile Include="InventoryView.cpp">
      <Filter>Source Files\StateControl</Filter>
    </ClCompile>
    <ClCompile Include="MainMenu.cpp">
      <Filter>Source Files\StateControl</Filter>
    </ClCompile>
    <ClCompile Include="StateController.cpp">
      <Filter>Source Files\StateControl</Filter>
    </ClCompile>
    <ClCompile Include="WorldSelector.cpp">
      <Filter>Source Files\StateControl</Filter>
    </ClCompile>
    <ClCompile Include="NumericUtils.cpp">
      <Filter>Source Files\Utils</Filter>
    </ClCompile>
    <ClCompile Include="StringUtils.cpp">
      <Filter>Source Files\Utils</Filter>
    </ClCompile>
    <ClCompile Include="LineResult.cpp">
      <Filter>Source Files\IO</Filter>
    </ClCompile>
    <ClCompile Include="UpdatePlayerMessage.cpp">
      <Filter>Source Files\Messaging</Filter>
    </ClCompile>
    <ClCompile Include="UpdateCurrentRoomMessage.cpp">
      <Filter>Source Files\Messaging</Filter>
    </ClCompile>
  </ItemGroup>
  <ItemGroup>
    <ClInclude Include="Object.h">
      <Filter>Header Files</Filter>
    </ClInclude>
    <ClInclude Include="BasicCommand.h">
      <Filter>Header Files\Commands</Filter>
    </ClInclude>
    <ClInclude Include="Command.h">
      <Filter>Header Files\Commands</Filter>
    </ClInclude>
    <ClInclude Include="SuccessState.h">
      <Filter>Header Files\Commands</Filter>
    </ClInclude>
    <ClInclude Include="BinaryReader.h">
      <Filter>Header Files\IO</Filter>
    </ClInclude>
    <ClInclude Include="BinaryWriter.h">
      <Filter>Header Files\IO</Filter>
    </ClInclude>
    <ClInclude Include="Connection.h">
      <Filter>Header Files\IO</Filter>
    </ClInclude>
    <ClInclude Include="Room.h">
      <Filter>Header Files\IO</Filter>
    </ClInclude>
    <ClInclude Include="RoomIterator.h">
      <Filter>Header Files\IO</Filter>
    </ClInclude>
    <ClInclude Include="World.h">
      <Filter>Header Files\IO</Filter>
    </ClInclude>
    <ClInclude Include="WorldCreator.h">
      <Filter>Header Files\IO</Filter>
    </ClInclude>
    <ClInclude Include="WorldReader.h">
      <Filter>Header Files\IO</Filter>
    </ClInclude>
    <ClInclude Include="EmptyEventArgs.h">
      <Filter>Header Files\Messaging</Filter>
    </ClInclude>
    <ClInclude Include="Event.h">
      <Filter>Header Files\Messaging</Filter>
    </ClInclude>
    <ClInclude Include="Message.h">
      <Filter>Header Files\Messaging</Filter>
    </ClInclude>
    <ClInclude Include="MessageDispatcher.h">
      <Filter>Header Files\Messaging</Filter>
    </ClInclude>
    <ClInclude Include="WorldSwitchMessage.h">
      <Filter>Header Files\Messaging</Filter>
    </ClInclude>
    <ClInclude Include="Player.h">
      <Filter>Header Files\Player</Filter>
    </ClInclude>
    <ClInclude Include="CommandLister.h">
      <Filter>Header Files\StateControl</Filter>
    </ClInclude>
    <ClInclude Include="Credits.h">
      <Filter>Header Files\StateControl</Filter>
    </ClInclude>
    <ClInclude Include="GameEnvironment.h">
      <Filter>Header Files\StateControl</Filter>
    </ClInclude>
    <ClInclude Include="GameMenu.h">
      <Filter>Header Files\StateControl</Filter>
    </ClInclude>
    <ClInclude Include="Gameplay.h">
      <Filter>Header Files\StateControl</Filter>
    </ClInclude>
    <ClInclude Include="GameSplash.h">
      <Filter>Header Files\StateControl</Filter>
    </ClInclude>
    <ClInclude Include="GameState.h">
      <Filter>Header Files\StateControl</Filter>
    </ClInclude>
    <ClInclude Include="HallOfFame.h">
      <Filter>Header Files\StateControl</Filter>
    </ClInclude>
    <ClInclude Include="InventoryView.h">
      <Filter>Header Files\StateControl</Filter>
    </ClInclude>
    <ClInclude Include="MainMenu.h">
      <Filter>Header Files\StateControl</Filter>
    </ClInclude>
    <ClInclude Include="StateController.h">
      <Filter>Header Files\StateControl</Filter>
    </ClInclude>
    <ClInclude Include="WorldSelector.h">
      <Filter>Header Files\StateControl</Filter>
    </ClInclude>
    <ClInclude Include="StringUtils.h">
      <Filter>Header Files\Utils</Filter>
    </ClInclude>
    <ClInclude Include="NumericUtils.h">
      <Filter>Header Files\Utils</Filter>
    </ClInclude>
    <ClInclude Include="CommandResult.h">
      <Filter>Header Files\Commands</Filter>
    </ClInclude>
    <ClInclude Include="CommandReader.h">
      <Filter>Header Files\IO</Filter>
    </ClInclude>
    <ClInclude Include="LineResult.h">
      <Filter>Header Files\IO</Filter>
    </ClInclude>
    <ClInclude Include="InsertionOrderedMap.h">
      <Filter>Header Files\Utils</Filter>
    </ClInclude>
    <ClInclude Include="UpdateCurrentRoomMessage.h">
      <Filter>Header Files\Messaging</Filter>
    </ClInclude>
    <ClInclude Include="Inventory.h">
      <Filter>Header Files\Player</Filter>
    </ClInclude>
    <ClInclude Include="UpdatePlayerMessage.h">
      <Filter>Header Files\Messaging</Filter>
    </ClInclude>
  </ItemGroup>
  <ItemGroup>
    <None Include="default.world">
      <Filter>Resource Files</Filter>
    </None>
  </ItemGroup>
  <ItemGroup>
    <Filter Include="Header Files">
      <UniqueIdentifier>{5b43de18-3ed9-4a81-8c4f-e39710f7a1f5}</UniqueIdentifier>
    </Filter>
    <Filter Include="Source Files">
      <UniqueIdentifier>{b68454dc-c28c-4f53-8643-a4f231e3df74}</UniqueIdentifier>
    </Filter>
    <Filter Include="Resource Files">
      <UniqueIdentifier>{a4863e01-f7db-42cd-b7c9-3138be89b188}</UniqueIdentifier>
    </Filter>
    <Filter Include="Header Files\Commands">
      <UniqueIdentifier>{cd30a8e7-2b98-42ce-bac5-8ab95e2f501c}</UniqueIdentifier>
    </Filter>
    <Filter Include="Header Files\IO">
      <UniqueIdentifier>{b999ae51-96bc-494a-94e8-3ffa103c2b37}</UniqueIdentifier>
    </Filter>
    <Filter Include="Header Files\Messaging">
      <UniqueIdentifier>{5bbb5cee-f32a-44e0-9190-2ba77177cded}</UniqueIdentifier>
    </Filter>
    <Filter Include="Header Files\Player">
      <UniqueIdentifier>{95988d62-ad5c-48ff-a1fc-8c7f0f9fb9e0}</UniqueIdentifier>
    </Filter>
    <Filter Include="Header Files\StateControl">
      <UniqueIdentifier>{d27ed409-7e7f-4ef2-a8fd-072e5037c54a}</UniqueIdentifier>
    </Filter>
    <Filter Include="Header Files\Utils">
      <UniqueIdentifier>{cf52687e-d00b-44ba-8d57-c31de145b690}</UniqueIdentifier>
    </Filter>
    <Filter Include="Source Files\Commands">
      <UniqueIdentifier>{52d7ef7a-60c8-41e9-ba16-3cbbf5ed5eda}</UniqueIdentifier>
    </Filter>
    <Filter Include="Source Files\IO">
      <UniqueIdentifier>{79fbe753-905d-4714-8337-701adeb44e8f}</UniqueIdentifier>
    </Filter>
    <Filter Include="Source Files\Messaging">
      <UniqueIdentifier>{4e55f0c6-bdff-4133-a713-6a766b085b9f}</UniqueIdentifier>
    </Filter>
    <Filter Include="Source Files\Player">
      <UniqueIdentifier>{e3dc1cda-4d5f-40b9-af6f-6fad9941d012}</UniqueIdentifier>
    </Filter>
    <Filter Include="Source Files\StateControl">
      <UniqueIdentifier>{71692754-50d3-4d9e-8d35-1fc28361477b}</UniqueIdentifier>
    </Filter>
    <Filter Include="Source Files\Utils">
      <UniqueIdentifier>{cce38d55-f244-44a3-aa9e-30c55af720f9}</UniqueIdentifier>
    </Filter>
  </ItemGroup>
  <ItemGroup>
    <Text Include="gameplayAliases.txt">
      <Filter>Resource Files</Filter>
    </Text>
    <Text Include="inventoryAliases.txt">
      <Filter>Resource Files</Filter>
    </Text>
  </ItemGroup>
</Project>